// !$*UTF8*$!
{
	archiveVersion = 1;
	classes = {
	};
	objectVersion = 77;
	objects = {

/* Begin PBXContainerItemProxy section */
		C529FA8C2DF2CB5C00BBFA67 /* PBXContainerItemProxy */ = {
			isa = PBXContainerItemProxy;
			containerPortal = C529FA6D2DF2CB5A00BBFA67 /* Project object */;
			proxyType = 1;
			remoteGlobalIDString = C529FA742DF2CB5A00BBFA67;
			remoteInfo = "generalSetting-homework";
		};
		C529FA962DF2CB5C00BBFA67 /* PBXContainerItemProxy */ = {
			isa = PBXContainerItemProxy;
			containerPortal = C529FA6D2DF2CB5A00BBFA67 /* Project object */;
			proxyType = 1;
			remoteGlobalIDString = C529FA742DF2CB5A00BBFA67;
			remoteInfo = "generalSetting-homework";
		};
/* End PBXContainerItemProxy section */

/* Begin PBXFileReference section */
		C529FA752DF2CB5A00BBFA67 /* generalSetting-homework.app */ = {isa = PBXFileReference; explicitFileType = wrapper.application; includeInIndex = 0; path = "generalSetting-homework.app"; sourceTree = BUILT_PRODUCTS_DIR; };
		C529FA8B2DF2CB5C00BBFA67 /* generalSetting-homeworkTests.xctest */ = {isa = PBXFileReference; explicitFileType = wrapper.cfbundle; includeInIndex = 0; path = "generalSetting-homeworkTests.xctest"; sourceTree = BUILT_PRODUCTS_DIR; };
		C529FA952DF2CB5C00BBFA67 /* generalSetting-homeworkUITests.xctest */ = {isa = PBXFileReference; explicitFileType = wrapper.cfbundle; includeInIndex = 0; path = "generalSetting-homeworkUITests.xctest"; sourceTree = BUILT_PRODUCTS_DIR; };
/* End PBXFileReference section */

/* Begin PBXFileSystemSynchronizedBuildFileExceptionSet section */
		C529FA9D2DF2CB5C00BBFA67 /* Exceptions for "generalSetting-homework" folder in "generalSetting-homework" target */ = {
			isa = PBXFileSystemSynchronizedBuildFileExceptionSet;
			membershipExceptions = (
				Info.plist,
			);
			target = C529FA742DF2CB5A00BBFA67 /* generalSetting-homework */;
		};
/* End PBXFileSystemSynchronizedBuildFileExceptionSet section */

/* Begin PBXFileSystemSynchronizedRootGroup section */
		C529FA772DF2CB5A00BBFA67 /* generalSetting-homework */ = {
			isa = PBXFileSystemSynchronizedRootGroup;
			exceptions = (
				C529FA9D2DF2CB5C00BBFA67 /* Exceptions for "generalSetting-homework" folder in "generalSetting-homework" target */,
			);
			path = "generalSetting-homework";
			sourceTree = "<group>";
		};
		C529FA8E2DF2CB5C00BBFA67 /* generalSetting-homeworkTests */ = {
			isa = PBXFileSystemSynchronizedRootGroup;
			path = "generalSetting-homeworkTests";
			sourceTree = "<group>";
		};
		C529FA982DF2CB5C00BBFA67 /* generalSetting-homeworkUITests */ = {
			isa = PBXFileSystemSynchronizedRootGroup;
			path = "generalSetting-homeworkUITests";
			sourceTree = "<group>";
		};
/* End PBXFileSystemSynchronizedRootGroup section */

/* Begin PBXFrameworksBuildPhase section */
		C529FA722DF2CB5A00BBFA67 /* Frameworks */ = {
			isa = PBXFrameworksBuildPhase;
			buildActionMask = 2147483647;
			files = (
			);
			runOnlyForDeploymentPostprocessing = 0;
		};
		C529FA882DF2CB5C00BBFA67 /* Frameworks */ = {
			isa = PBXFrameworksBuildPhase;
			buildActionMask = 2147483647;
			files = (
			);
			runOnlyForDeploymentPostprocessing = 0;
		};
		C529FA922DF2CB5C00BBFA67 /* Frameworks */ = {
			isa = PBXFrameworksBuildPhase;
			buildActionMask = 2147483647;
			files = (
			);
			runOnlyForDeploymentPostprocessing = 0;
		};
/* End PBXFrameworksBuildPhase section */

/* Begin PBXGroup section */
		C529FA6C2DF2CB5A00BBFA67 = {
			isa = PBXGroup;
			children = (
				C529FA772DF2CB5A00BBFA67 /* generalSetting-homework */,
				C529FA8E2DF2CB5C00BBFA67 /* generalSetting-homeworkTests */,
				C529FA982DF2CB5C00BBFA67 /* generalSetting-homeworkUITests */,
				C529FA762DF2CB5A00BBFA67 /* Products */,
			);
			sourceTree = "<group>";
		};
		C529FA762DF2CB5A00BBFA67 /* Products */ = {
			isa = PBXGroup;
			children = (
				C529FA752DF2CB5A00BBFA67 /* generalSetting-homework.app */,
				C529FA8B2DF2CB5C00BBFA67 /* generalSetting-homeworkTests.xctest */,
				C529FA952DF2CB5C00BBFA67 /* generalSetting-homeworkUITests.xctest */,
			);
			name = Products;
			sourceTree = "<group>";
		};
/* End PBXGroup section */

/* Begin PBXNativeTarget section */
		C529FA742DF2CB5A00BBFA67 /* generalSetting-homework */ = {
			isa = PBXNativeTarget;
			buildConfigurationList = C529FA9E2DF2CB5C00BBFA67 /* Build configuration list for PBXNativeTarget "generalSetting-homework" */;
			buildPhases = (
				C529FA712DF2CB5A00BBFA67 /* Sources */,
				C529FA722DF2CB5A00BBFA67 /* Frameworks */,
				C529FA732DF2CB5A00BBFA67 /* Resources */,
			);
			buildRules = (
			);
			dependencies = (
			);
			fileSystemSynchronizedGroups = (
				C529FA772DF2CB5A00BBFA67 /* generalSetting-homework */,
			);
			name = "generalSetting-homework";
			packageProductDependencies = (
			);
			productName = "generalSetting-homework";
			productReference = C529FA752DF2CB5A00BBFA67 /* generalSetting-homework.app */;
			productType = "com.apple.product-type.application";
		};
		C529FA8A2DF2CB5C00BBFA67 /* generalSetting-homeworkTests */ = {
			isa = PBXNativeTarget;
			buildConfigurationList = C529FAA32DF2CB5C00BBFA67 /* Build configuration list for PBXNativeTarget "generalSetting-homeworkTests" */;
			buildPhases = (
				C529FA872DF2CB5C00BBFA67 /* Sources */,
				C529FA882DF2CB5C00BBFA67 /* Frameworks */,
				C529FA892DF2CB5C00BBFA67 /* Resources */,
			);
			buildRules = (
			);
			dependencies = (
				C529FA8D2DF2CB5C00BBFA67 /* PBXTargetDependency */,
			);
			fileSystemSynchronizedGroups = (
				C529FA8E2DF2CB5C00BBFA67 /* generalSetting-homeworkTests */,
			);
			name = "generalSetting-homeworkTests";
			packageProductDependencies = (
			);
			productName = "generalSetting-homeworkTests";
			productReference = C529FA8B2DF2CB5C00BBFA67 /* generalSetting-homeworkTests.xctest */;
			productType = "com.apple.product-type.bundle.unit-test";
		};
		C529FA942DF2CB5C00BBFA67 /* generalSetting-homeworkUITests */ = {
			isa = PBXNativeTarget;
			buildConfigurationList = C529FAA62DF2CB5C00BBFA67 /* Build configuration list for PBXNativeTarget "generalSetting-homeworkUITests" */;
			buildPhases = (
				C529FA912DF2CB5C00BBFA67 /* Sources */,
				C529FA922DF2CB5C00BBFA67 /* Frameworks */,
				C529FA932DF2CB5C00BBFA67 /* Resources */,
			);
			buildRules = (
			);
			dependencies = (
				C529FA972DF2CB5C00BBFA67 /* PBXTargetDependency */,
			);
			fileSystemSynchronizedGroups = (
				C529FA982DF2CB5C00BBFA67 /* generalSetting-homeworkUITests */,
			);
			name = "generalSetting-homeworkUITests";
			packageProductDependencies = (
			);
			productName = "generalSetting-homeworkUITests";
			productReference = C529FA952DF2CB5C00BBFA67 /* generalSetting-homeworkUITests.xctest */;
			productType = "com.apple.product-type.bundle.ui-testing";
		};
/* End PBXNativeTarget section */

/* Begin PBXProject section */
		C529FA6D2DF2CB5A00BBFA67 /* Project object */ = {
			isa = PBXProject;
			attributes = {
				BuildIndependentTargetsInParallel = 1;
				LastSwiftUpdateCheck = 1640;
				LastUpgradeCheck = 1640;
				TargetAttributes = {
					C529FA742DF2CB5A00BBFA67 = {
						CreatedOnToolsVersion = 16.4;
					};
					C529FA8A2DF2CB5C00BBFA67 = {
						CreatedOnToolsVersion = 16.4;
						TestTargetID = C529FA742DF2CB5A00BBFA67;
					};
					C529FA942DF2CB5C00BBFA67 = {
						CreatedOnToolsVersion = 16.4;
						TestTargetID = C529FA742DF2CB5A00BBFA67;
					};
				};
			};
			buildConfigurationList = C529FA702DF2CB5A00BBFA67 /* Build configuration list for PBXProject "generalSetting-homework" */;
			developmentRegion = en;
			hasScannedForEncodings = 0;
			knownRegions = (
				en,
				Base,
			);
			mainGroup = C529FA6C2DF2CB5A00BBFA67;
			minimizedProjectReferenceProxies = 1;
			preferredProjectObjectVersion = 77;
			productRefGroup = C529FA762DF2CB5A00BBFA67 /* Products */;
			projectDirPath = "";
			projectRoot = "";
			targets = (
				C529FA742DF2CB5A00BBFA67 /* generalSetting-homework */,
				C529FA8A2DF2CB5C00BBFA67 /* generalSetting-homeworkTests */,
				C529FA942DF2CB5C00BBFA67 /* generalSetting-homeworkUITests */,
			);
		};
/* End PBXProject section */

/* Begin PBXResourcesBuildPhase section */
		C529FA732DF2CB5A00BBFA67 /* Resources */ = {
			isa = PBXResourcesBuildPhase;
			buildActionMask = 2147483647;
			files = (
			);
			runOnlyForDeploymentPostprocessing = 0;
		};
		C529FA892DF2CB5C00BBFA67 /* Resources */ = {
			isa = PBXResourcesBuildPhase;
			buildActionMask = 2147483647;
			files = (
			);
			runOnlyForDeploymentPostprocessing = 0;
		};
		C529FA932DF2CB5C00BBFA67 /* Resources */ = {
			isa = PBXResourcesBuildPhase;
			buildActionMask = 2147483647;
			files = (
			);
			runOnlyForDeploymentPostprocessing = 0;
		};
/* End PBXResourcesBuildPhase section */

/* Begin PBXSourcesBuildPhase section */
		C529FA712DF2CB5A00BBFA67 /* Sources */ = {
			isa = PBXSourcesBuildPhase;
			buildActionMask = 2147483647;
			files = (
			);
			runOnlyForDeploymentPostprocessing = 0;
		};
		C529FA872DF2CB5C00BBFA67 /* Sources */ = {
			isa = PBXSourcesBuildPhase;
			buildActionMask = 2147483647;
			files = (
			);
			runOnlyForDeploymentPostprocessing = 0;
		};
		C529FA912DF2CB5C00BBFA67 /* Sources */ = {
			isa = PBXSourcesBuildPhase;
			buildActionMask = 2147483647;
			files = (
			);
			runOnlyForDeploymentPostprocessing = 0;
		};
/* End PBXSourcesBuildPhase section */

/* Begin PBXTargetDependency section */
		C529FA8D2DF2CB5C00BBFA67 /* PBXTargetDependency */ = {
			isa = PBXTargetDependency;
			target = C529FA742DF2CB5A00BBFA67 /* generalSetting-homework */;
			targetProxy = C529FA8C2DF2CB5C00BBFA67 /* PBXContainerItemProxy */;
		};
		C529FA972DF2CB5C00BBFA67 /* PBXTargetDependency */ = {
			isa = PBXTargetDependency;
			target = C529FA742DF2CB5A00BBFA67 /* generalSetting-homework */;
			targetProxy = C529FA962DF2CB5C00BBFA67 /* PBXContainerItemProxy */;
		};
/* End PBXTargetDependency section */

/* Begin XCBuildConfiguration section */
		C529FA9F2DF2CB5C00BBFA67 /* Debug */ = {
			isa = XCBuildConfiguration;
			buildSettings = {
				ASSETCATALOG_COMPILER_APPICON_NAME = AppIcon;
				ASSETCATALOG_COMPILER_GLOBAL_ACCENT_COLOR_NAME = AccentColor;
				CODE_SIGN_STYLE = Automatic;
				CURRENT_PROJECT_VERSION = 1;
				GENERATE_INFOPLIST_FILE = YES;
				INFOPLIST_FILE = "generalSetting-homework/Info.plist";
				INFOPLIST_KEY_UIApplicationSupportsIndirectInputEvents = YES;
				INFOPLIST_KEY_UILaunchStoryboardName = LaunchScreen;
				INFOPLIST_KEY_UIMainStoryboardFile = Main;
				INFOPLIST_KEY_UISupportedInterfaceOrientations_iPad = "UIInterfaceOrientationPortrait UIInterfaceOrientationPortraitUpsideDown UIInterfaceOrientationLandscapeLeft UIInterfaceOrientationLandscapeRight";
				INFOPLIST_KEY_UISupportedInterfaceOrientations_iPhone = "UIInterfaceOrientationPortrait UIInterfaceOrientationLandscapeLeft UIInterfaceOrientationLandscapeRight";
				LD_RUNPATH_SEARCH_PATHS = (
					"$(inherited)",
					"@executable_path/Frameworks",
				);
				MARKETING_VERSION = 1.0;
				PRODUCT_BUNDLE_IDENTIFIER = "me.generalSetting-homework";
				PRODUCT_NAME = "$(TARGET_NAME)";
				SWIFT_EMIT_LOC_STRINGS = YES;
				SWIFT_VERSION = 5.0;
				TARGETED_DEVICE_FAMILY = "1,2";
			};
			name = Debug;
		};
		C529FAA02DF2CB5C00BBFA67 /* Release */ = {
			isa = XCBuildConfiguration;
			buildSettings = {
				ASSETCATALOG_COMPILER_APPICON_NAME = AppIcon;
				ASSETCATALOG_COMPILER_GLOBAL_ACCENT_COLOR_NAME = AccentColor;
				CODE_SIGN_STYLE = Automatic;
				CURRENT_PROJECT_VERSION = 1;
				GENERATE_INFOPLIST_FILE = YES;
				INFOPLIST_FILE = "generalSetting-homework/Info.plist";
				INFOPLIST_KEY_UIApplicationSupportsIndirectInputEvents = YES;
				INFOPLIST_KEY_UILaunchStoryboardName = LaunchScreen;
				INFOPLIST_KEY_UIMainStoryboardFile = Main;
				INFOPLIST_KEY_UISupportedInterfaceOrientations_iPad = "UIInterfaceOrientationPortrait UIInterfaceOrientationPortraitUpsideDown UIInterfaceOrientationLandscapeLeft UIInterfaceOrientationLandscapeRight";
				INFOPLIST_KEY_UISupportedInterfaceOrientations_iPhone = "UIInterfaceOrientationPortrait UIInterfaceOrientationLandscapeLeft UIInterfaceOrientationLandscapeRight";
				LD_RUNPATH_SEARCH_PATHS = (
					"$(inherited)",
					"@executable_path/Frameworks",
				);
				MARKETING_VERSION = 1.0;
				PRODUCT_BUNDLE_IDENTIFIER = "me.generalSetting-homework";
				PRODUCT_NAME = "$(TARGET_NAME)";
				SWIFT_EMIT_LOC_STRINGS = YES;
				SWIFT_VERSION = 5.0;
				TARGETED_DEVICE_FAMILY = "1,2";
			};
			name = Release;
		};
		C529FAA12DF2CB5C00BBFA67 /* Debug */ = {
			isa = XCBuildConfiguration;
			buildSettings = {
				ALWAYS_SEARCH_USER_PATHS = NO;
				ASSETCATALOG_COMPILER_GENERATE_SWIFT_ASSET_SYMBOL_EXTENSIONS = YES;
				CLANG_ANALYZER_NONNULL = YES;
				CLANG_ANALYZER_NUMBER_OBJECT_CONVERSION = YES_AGGRESSIVE;
				CLANG_CXX_LANGUAGE_STANDARD = "gnu++20";
				CLANG_ENABLE_MODULES = YES;
				CLANG_ENABLE_OBJC_ARC = YES;
				CLANG_ENABLE_OBJC_WEAK = YES;
				CLANG_WARN_BLOCK_CAPTURE_AUTORELEASING = YES;
				CLANG_WARN_BOOL_CONVERSION = YES;
				CLANG_WARN_COMMA = YES;
				CLANG_WARN_CONSTANT_CONVERSION = YES;
				CLANG_WARN_DEPRECATED_OBJC_IMPLEMENTATIONS = YES;
				CLANG_WARN_DIRECT_OBJC_ISA_USAGE = YES_ERROR;
				CLANG_WARN_DOCUMENTATION_COMMENTS = YES;
				CLANG_WARN_EMPTY_BODY = YES;
				CLANG_WARN_ENUM_CONVERSION = YES;
				CLANG_WARN_INFINITE_RECURSION = YES;
				CLANG_WARN_INT_CONVERSION = YES;
				CLANG_WARN_NON_LITERAL_NULL_CONVERSION = YES;
				CLANG_WARN_OBJC_IMPLICIT_RETAIN_SELF = YES;
				CLANG_WARN_OBJC_LITERAL_CONVERSION = YES;
				CLANG_WARN_OBJC_ROOT_CLASS = YES_ERROR;
				CLANG_WARN_QUOTED_INCLUDE_IN_FRAMEWORK_HEADER = YES;
				CLANG_WARN_RANGE_LOOP_ANALYSIS = YES;
				CLANG_WARN_STRICT_PROTOTYPES = YES;
				CLANG_WARN_SUSPICIOUS_MOVE = YES;
				CLANG_WARN_UNGUARDED_AVAILABILITY = YES_AGGRESSIVE;
				CLANG_WARN_UNREACHABLE_CODE = YES;
				CLANG_WARN__DUPLICATE_METHOD_MATCH = YES;
				COPY_PHASE_STRIP = NO;
				DEBUG_INFORMATION_FORMAT = dwarf;
				ENABLE_STRICT_OBJC_MSGSEND = YES;
				ENABLE_TESTABILITY = YES;
				ENABLE_USER_SCRIPT_SANDBOXING = YES;
				GCC_C_LANGUAGE_STANDARD = gnu17;
				GCC_DYNAMIC_NO_PIC = NO;
				GCC_NO_COMMON_BLOCKS = YES;
				GCC_OPTIMIZATION_LEVEL = 0;
				GCC_PREPROCESSOR_DEFINITIONS = (
					"DEBUG=1",
					"$(inherited)",
				);
				GCC_WARN_64_TO_32_BIT_CONVERSION = YES;
				GCC_WARN_ABOUT_RETURN_TYPE = YES_ERROR;
				GCC_WARN_UNDECLARED_SELECTOR = YES;
				GCC_WARN_UNINITIALIZED_AUTOS = YES_AGGRESSIVE;
				GCC_WARN_UNUSED_FUNCTION = YES;
				GCC_WARN_UNUSED_VARIABLE = YES;
				IPHONEOS_DEPLOYMENT_TARGET = 18.5;
				LOCALIZATION_PREFERS_STRING_CATALOGS = YES;
				MTL_ENABLE_DEBUG_INFO = INCLUDE_SOURCE;
				MTL_FAST_MATH = YES;
				ONLY_ACTIVE_ARCH = YES;
				SDKROOT = iphoneos;
				SWIFT_ACTIVE_COMPILATION_CONDITIONS = "DEBUG $(inherited)";
				SWIFT_OPTIMIZATION_LEVEL = "-Onone";
			};
			name = Debug;
		};
		C529FAA22DF2CB5C00BBFA67 /* Release */ = {
			isa = XCBuildConfiguration;
			buildSettings = {
				ALWAYS_SEARCH_USER_PATHS = NO;
				ASSETCATALOG_COMPILER_GENERATE_SWIFT_ASSET_SYMBOL_EXTENSIONS = YES;
				CLANG_ANALYZER_NONNULL = YES;
				CLANG_ANALYZER_NUMBER_OBJECT_CONVERSION = YES_AGGRESSIVE;
				CLANG_CXX_LANGUAGE_STANDARD = "gnu++20";
				CLANG_ENABLE_MODULES = YES;
				CLANG_ENABLE_OBJC_ARC = YES;
				CLANG_ENABLE_OBJC_WEAK = YES;
				CLANG_WARN_BLOCK_CAPTURE_AUTORELEASING = YES;
				CLANG_WARN_BOOL_CONVERSION = YES;
				CLANG_WARN_COMMA = YES;
				CLANG_WARN_CONSTANT_CONVERSION = YES;
				CLANG_WARN_DEPRECATED_OBJC_IMPLEMENTATIONS = YES;
				CLANG_WARN_DIRECT_OBJC_ISA_USAGE = YES_ERROR;
				CLANG_WARN_DOCUMENTATION_COMMENTS = YES;
				CLANG_WARN_EMPTY_BODY = YES;
				CLANG_WARN_ENUM_CONVERSION = YES;
				CLANG_WARN_INFINITE_RECURSION = YES;
				CLANG_WARN_INT_CONVERSION = YES;
				CLANG_WARN_NON_LITERAL_NULL_CONVERSION = YES;
				CLANG_WARN_OBJC_IMPLICIT_RETAIN_SELF = YES;
				CLANG_WARN_OBJC_LITERAL_CONVERSION = YES;
				CLANG_WARN_OBJC_ROOT_CLASS = YES_ERROR;
				CLANG_WARN_QUOTED_INCLUDE_IN_FRAMEWORK_HEADER = YES;
				CLANG_WARN_RANGE_LOOP_ANALYSIS = YES;
				CLANG_WARN_STRICT_PROTOTYPES = YES;
				CLANG_WARN_SUSPICIOUS_MOVE = YES;
				CLANG_WARN_UNGUARDED_AVAILABILITY = YES_AGGRESSIVE;
				CLANG_WARN_UNREACHABLE_CODE = YES;
				CLANG_WARN__DUPLICATE_METHOD_MATCH = YES;
				COPY_PHASE_STRIP = NO;
				DEBUG_INFORMATION_FORMAT = "dwarf-with-dsym";
				ENABLE_NS_ASSERTIONS = NO;
				ENABLE_STRICT_OBJC_MSGSEND = YES;
				ENABLE_USER_SCRIPT_SANDBOXING = YES;
				GCC_C_LANGUAGE_STANDARD = gnu17;
				GCC_NO_COMMON_BLOCKS = YES;
				GCC_WARN_64_TO_32_BIT_CONVERSION = YES;
				GCC_WARN_ABOUT_RETURN_TYPE = YES_ERROR;
				GCC_WARN_UNDECLARED_SELECTOR = YES;
				GCC_WARN_UNINITIALIZED_AUTOS = YES_AGGRESSIVE;
				GCC_WARN_UNUSED_FUNCTION = YES;
				GCC_WARN_UNUSED_VARIABLE = YES;
				IPHONEOS_DEPLOYMENT_TARGET = 18.5;
				LOCALIZATION_PREFERS_STRING_CATALOGS = YES;
				MTL_ENABLE_DEBUG_INFO = NO;
				MTL_FAST_MATH = YES;
				SDKROOT = iphoneos;
				SWIFT_COMPILATION_MODE = wholemodule;
				VALIDATE_PRODUCT = YES;
			};
			name = Release;
		};
		C529FAA42DF2CB5C00BBFA67 /* Debug */ = {
			isa = XCBuildConfiguration;
			buildSettings = {
				BUNDLE_LOADER = "$(TEST_HOST)";
				CODE_SIGN_STYLE = Automatic;
				CURRENT_PROJECT_VERSION = 1;
				GENERATE_INFOPLIST_FILE = YES;
				IPHONEOS_DEPLOYMENT_TARGET = 18.5;
				MARKETING_VERSION = 1.0;
				PRODUCT_BUNDLE_IDENTIFIER = "me.generalSetting-homeworkTests";
				PRODUCT_NAME = "$(TARGET_NAME)";
				SWIFT_EMIT_LOC_STRINGS = NO;
				SWIFT_VERSION = 5.0;
				TARGETED_DEVICE_FAMILY = "1,2";
				TEST_HOST = "$(BUILT_PRODUCTS_DIR)/generalSetting-homework.app/$(BUNDLE_EXECUTABLE_FOLDER_PATH)/generalSetting-homework";
			};
			name = Debug;
		};
		C529FAA52DF2CB5C00BBFA67 /* Release */ = {
			isa = XCBuildConfiguration;
			buildSettings = {
				BUNDLE_LOADER = "$(TEST_HOST)";
				CODE_SIGN_STYLE = Automatic;
				CURRENT_PROJECT_VERSION = 1;
				GENERATE_INFOPLIST_FILE = YES;
				IPHONEOS_DEPLOYMENT_TARGET = 18.5;
				MARKETING_VERSION = 1.0;
				PRODUCT_BUNDLE_IDENTIFIER = "me.generalSetting-homeworkTests";
				PRODUCT_NAME = "$(TARGET_NAME)";
				SWIFT_EMIT_LOC_STRINGS = NO;
				SWIFT_VERSION = 5.0;
				TARGETED_DEVICE_FAMILY = "1,2";
				TEST_HOST = "$(BUILT_PRODUCTS_DIR)/generalSetting-homework.app/$(BUNDLE_EXECUTABLE_FOLDER_PATH)/generalSetting-homework";
			};
			name = Release;
		};
		C529FAA72DF2CB5C00BBFA67 /* Debug */ = {
			isa = XCBuildConfiguration;
			buildSettings = {
				CODE_SIGN_STYLE = Automatic;
				CURRENT_PROJECT_VERSION = 1;
				GENERATE_INFOPLIST_FILE = YES;
				MARKETING_VERSION = 1.0;
				PRODUCT_BUNDLE_IDENTIFIER = "me.generalSetting-homeworkUITests";
				PRODUCT_NAME = "$(TARGET_NAME)";
				SWIFT_EMIT_LOC_STRINGS = NO;
				SWIFT_VERSION = 5.0;
				TARGETED_DEVICE_FAMILY = "1,2";
				TEST_TARGET_NAME = "generalSetting-homework";
			};
			name = Debug;
		};
		C529FAA82DF2CB5C00BBFA67 /* Release */ = {
			isa = XCBuildConfiguration;
			buildSettings = {
				CODE_SIGN_STYLE = Automatic;
				CURRENT_PROJECT_VERSION = 1;
				GENERATE_INFOPLIST_FILE = YES;
				MARKETING_VERSION = 1.0;
				PRODUCT_BUNDLE_IDENTIFIER = "me.generalSetting-homeworkUITests";
				PRODUCT_NAME = "$(TARGET_NAME)";
				SWIFT_EMIT_LOC_STRINGS = NO;
				SWIFT_VERSION = 5.0;
				TARGETED_DEVICE_FAMILY = "1,2";
				TEST_TARGET_NAME = "generalSetting-homework";
			};
			name = Release;
		};
/* End XCBuildConfiguration section */

/* Begin XCConfigurationList section */
		C529FA702DF2CB5A00BBFA67 /* Build configuration list for PBXProject "generalSetting-homework" */ = {
			isa = XCConfigurationList;
			buildConfigurations = (
				C529FAA12DF2CB5C00BBFA67 /* Debug */,
				C529FAA22DF2CB5C00BBFA67 /* Release */,
			);
			defaultConfigurationIsVisible = 0;
			defaultConfigurationName = Release;
		};
		C529FA9E2DF2CB5C00BBFA67 /* Build configuration list for PBXNativeTarget "generalSetting-homework" */ = {
			isa = XCConfigurationList;
			buildConfigurations = (
				C529FA9F2DF2CB5C00BBFA67 /* Debug */,
				C529FAA02DF2CB5C00BBFA67 /* Release */,
			);
			defaultConfigurationIsVisible = 0;
			defaultConfigurationName = Release;
		};
		C529FAA32DF2CB5C00BBFA67 /* Build configuration list for PBXNativeTarget "generalSetting-homeworkTests" */ = {
			isa = XCConfigurationList;
			buildConfigurations = (
				C529FAA42DF2CB5C00BBFA67 /* Debug */,
				C529FAA52DF2CB5C00BBFA67 /* Release */,
			);
			defaultConfigurationIsVisible = 0;
			defaultConfigurationName = Release;
		};
		C529FAA62DF2CB5C00BBFA67 /* Build configuration list for PBXNativeTarget "generalSetting-homeworkUITests" */ = {
			isa = XCConfigurationList;
			buildConfigurations = (
				C529FAA72DF2CB5C00BBFA67 /* Debug */,
				C529FAA82DF2CB5C00BBFA67 /* Release */,
			);
			defaultConfigurationIsVisible = 0;
			defaultConfigurationName = Release;
		};
/* End XCConfigurationList section */
	};
	rootObject = C529FA6D2DF2CB5A00BBFA67 /* Project object */;
}
